
Microsoft Visual Studio Solution File, Format Version 12.00
# Visual Studio Version 16
VisualStudioVersion = 16.0.32413.511
MinimumVisualStudioVersion = 10.0.40219.1
Project("{FAE04EC0-301F-11D3-BF4B-00C04F79EFBC}") = "Entity", "Entity.csproj", "{CE074B67-F7C8-4853-862F-3A8DDEA2F96D}"
EndProject
Global
	GlobalSection(SolutionConfigurationPlatforms) = preSolution
		Debug|Any CPU = Debug|Any CPU
		Release|Any CPU = Release|Any CPU
	EndGlobalSection
	GlobalSection(ProjectConfigurationPlatforms) = postSolution
		{CE074B67-F7C8-4853-862F-3A8DDEA2F96D}.Debug|Any CPU.ActiveCfg = Debug|Any CPU
		{CE074B67-F7C8-4853-862F-3A8DDEA2F96D}.Debug|Any CPU.Build.0 = Debug|Any CPU
		{CE074B67-F7C8-4853-862F-3A8DDEA2F96D}.Release|Any CPU.ActiveCfg = Release|Any CPU
		{CE074B67-F7C8-4853-862F-3A8DDEA2F96D}.Release|Any CPU.Build.0 = Release|Any CPU
	EndGlobalSection
	GlobalSection(SolutionProperties) = preSolution
		HideSolutionNode = FALSE
	EndGlobalSection
	GlobalSection(ExtensibilityGlobals) = postSolution
		SolutionGuid = {D3886D33-01D5-4C03-BC96-F06854B2FDB9}
	EndGlobalSection
EndGlobal
