
Microsoft Visual Studio Solution File, Format Version 12.00
# Visual Studio Version 16
VisualStudioVersion = 16.0.32126.315
MinimumVisualStudioVersion = 10.0.40219.1
Project("{9A19103F-16F7-4668-BE54-9A1E7A4F7556}") = "Task2_2", "Task2_2\Task2_2.csproj", "{CAF46653-9E30-475C-93A2-4ECFA9976655}"
EndProject
Project("{FAE04EC0-301F-11D3-BF4B-00C04F79EFBC}") = "TestTask2_2", "TestTask2_2\TestTask2_2.csproj", "{CCEC1B40-ECCE-4A98-91FC-A6485A1FCBCD}"
EndProject
Global
	GlobalSection(SolutionConfigurationPlatforms) = preSolution
		Debug|Any CPU = Debug|Any CPU
		Release|Any CPU = Release|Any CPU
	EndGlobalSection
	GlobalSection(ProjectConfigurationPlatforms) = postSolution
		{CAF46653-9E30-475C-93A2-4ECFA9976655}.Debug|Any CPU.ActiveCfg = Debug|Any CPU
		{CAF46653-9E30-475C-93A2-4ECFA9976655}.Debug|Any CPU.Build.0 = Debug|Any CPU
		{CAF46653-9E30-475C-93A2-4ECFA9976655}.Release|Any CPU.ActiveCfg = Release|Any CPU
		{CAF46653-9E30-475C-93A2-4ECFA9976655}.Release|Any CPU.Build.0 = Release|Any CPU
		{CCEC1B40-ECCE-4A98-91FC-A6485A1FCBCD}.Debug|Any CPU.ActiveCfg = Debug|Any CPU
		{CCEC1B40-ECCE-4A98-91FC-A6485A1FCBCD}.Debug|Any CPU.Build.0 = Debug|Any CPU
		{CCEC1B40-ECCE-4A98-91FC-A6485A1FCBCD}.Release|Any CPU.ActiveCfg = Release|Any CPU
		{CCEC1B40-ECCE-4A98-91FC-A6485A1FCBCD}.Release|Any CPU.Build.0 = Release|Any CPU
	EndGlobalSection
	GlobalSection(SolutionProperties) = preSolution
		HideSolutionNode = FALSE
	EndGlobalSection
	GlobalSection(ExtensibilityGlobals) = postSolution
		SolutionGuid = {D8D19EAE-506D-486F-8F90-D13FF6C8B0F2}
	EndGlobalSection
EndGlobal
